
Microsoft Visual Studio Solution File, Format Version 12.00
# Visual Studio Version 16
VisualStudioVersion = 16.0.33130.400
MinimumVisualStudioVersion = 10.0.40219.1
Project("{FAE04EC0-301F-11D3-BF4B-00C04F79EFBC}") = "Enums", "Enums\Enums.csproj", "{D426126C-FE9E-4C5C-9A21-F1789E6F3F67}"
EndProject
Global
	GlobalSection(SolutionConfigurationPlatforms) = preSolution
		Debug|Any CPU = Debug|Any CPU
		Release|Any CPU = Release|Any CPU
	EndGlobalSection
	GlobalSection(ProjectConfigurationPlatforms) = postSolution
		{D426126C-FE9E-4C5C-9A21-F1789E6F3F67}.Debug|Any CPU.ActiveCfg = Debug|Any CPU
		{D426126C-FE9E-4C5C-9A21-F1789E6F3F67}.Debug|Any CPU.Build.0 = Debug|Any CPU
		{D426126C-FE9E-4C5C-9A21-F1789E6F3F67}.Release|Any CPU.ActiveCfg = Release|Any CPU
		{D426126C-FE9E-4C5C-9A21-F1789E6F3F67}.Release|Any CPU.Build.0 = Release|Any CPU
	EndGlobalSection
	GlobalSection(SolutionProperties) = preSolution
		HideSolutionNode = FALSE
	EndGlobalSection
	GlobalSection(ExtensibilityGlobals) = postSolution
		SolutionGuid = {482B467D-290E-4922-BC1A-928076FAAF14}
	EndGlobalSection
EndGlobal
