
Microsoft Visual Studio Solution File, Format Version 12.00
# Visual Studio Version 16
VisualStudioVersion = 16.0.33130.400
MinimumVisualStudioVersion = 10.0.40219.1
Project("{FAE04EC0-301F-11D3-BF4B-00C04F79EFBC}") = "VoidMethodAssignment", "VoidMethodAssignment\VoidMethodAssignment.csproj", "{1F0BC92C-35C8-468C-BAD3-CE852F41E277}"
EndProject
Global
	GlobalSection(SolutionConfigurationPlatforms) = preSolution
		Debug|Any CPU = Debug|Any CPU
		Release|Any CPU = Release|Any CPU
	EndGlobalSection
	GlobalSection(ProjectConfigurationPlatforms) = postSolution
		{1F0BC92C-35C8-468C-BAD3-CE852F41E277}.Debug|Any CPU.ActiveCfg = Debug|Any CPU
		{1F0BC92C-35C8-468C-BAD3-CE852F41E277}.Debug|Any CPU.Build.0 = Debug|Any CPU
		{1F0BC92C-35C8-468C-BAD3-CE852F41E277}.Release|Any CPU.ActiveCfg = Release|Any CPU
		{1F0BC92C-35C8-468C-BAD3-CE852F41E277}.Release|Any CPU.Build.0 = Release|Any CPU
	EndGlobalSection
	GlobalSection(SolutionProperties) = preSolution
		HideSolutionNode = FALSE
	EndGlobalSection
	GlobalSection(ExtensibilityGlobals) = postSolution
		SolutionGuid = {B34C47E8-E0DD-46D4-92F0-780EE3FAF0B0}
	EndGlobalSection
EndGlobal
