
Microsoft Visual Studio Solution File, Format Version 12.00
# Visual Studio Version 16
VisualStudioVersion = 16.0.33214.272
MinimumVisualStudioVersion = 10.0.40219.1
Project("{FAE04EC0-301F-11D3-BF4B-00C04F79EFBC}") = "TryCatchAssignment", "TryCatchAssignment\TryCatchAssignment.csproj", "{2E8EA8BD-3C81-4634-9F52-9A618F47EAD2}"
EndProject
Global
	GlobalSection(SolutionConfigurationPlatforms) = preSolution
		Debug|Any CPU = Debug|Any CPU
		Release|Any CPU = Release|Any CPU
	EndGlobalSection
	GlobalSection(ProjectConfigurationPlatforms) = postSolution
		{2E8EA8BD-3C81-4634-9F52-9A618F47EAD2}.Debug|Any CPU.ActiveCfg = Debug|Any CPU
		{2E8EA8BD-3C81-4634-9F52-9A618F47EAD2}.Debug|Any CPU.Build.0 = Debug|Any CPU
		{2E8EA8BD-3C81-4634-9F52-9A618F47EAD2}.Release|Any CPU.ActiveCfg = Release|Any CPU
		{2E8EA8BD-3C81-4634-9F52-9A618F47EAD2}.Release|Any CPU.Build.0 = Release|Any CPU
	EndGlobalSection
	GlobalSection(SolutionProperties) = preSolution
		HideSolutionNode = FALSE
	EndGlobalSection
	GlobalSection(ExtensibilityGlobals) = postSolution
		SolutionGuid = {D1DF1BE2-3BD5-4721-B6D9-D4B3B13F7999}
	EndGlobalSection
EndGlobal
