
Microsoft Visual Studio Solution File, Format Version 12.00
# Visual Studio Version 16
VisualStudioVersion = 16.0.33130.400
MinimumVisualStudioVersion = 10.0.40219.1
Project("{FAE04EC0-301F-11D3-BF4B-00C04F79EFBC}") = "StructAssignment", "StructAssignment\StructAssignment.csproj", "{A19B44A3-7840-448C-86EA-A3DB095E332A}"
EndProject
Global
	GlobalSection(SolutionConfigurationPlatforms) = preSolution
		Debug|Any CPU = Debug|Any CPU
		Release|Any CPU = Release|Any CPU
	EndGlobalSection
	GlobalSection(ProjectConfigurationPlatforms) = postSolution
		{A19B44A3-7840-448C-86EA-A3DB095E332A}.Debug|Any CPU.ActiveCfg = Debug|Any CPU
		{A19B44A3-7840-448C-86EA-A3DB095E332A}.Debug|Any CPU.Build.0 = Debug|Any CPU
		{A19B44A3-7840-448C-86EA-A3DB095E332A}.Release|Any CPU.ActiveCfg = Release|Any CPU
		{A19B44A3-7840-448C-86EA-A3DB095E332A}.Release|Any CPU.Build.0 = Release|Any CPU
	EndGlobalSection
	GlobalSection(SolutionProperties) = preSolution
		HideSolutionNode = FALSE
	EndGlobalSection
	GlobalSection(ExtensibilityGlobals) = postSolution
		SolutionGuid = {12A4211E-7133-4BF4-A414-0DBB4BD38C2E}
	EndGlobalSection
EndGlobal
