
Microsoft Visual Studio Solution File, Format Version 12.00
# Visual Studio Version 16
VisualStudioVersion = 16.0.33214.272
MinimumVisualStudioVersion = 10.0.40219.1
Project("{FAE04EC0-301F-11D3-BF4B-00C04F79EFBC}") = "ConstructorAssignment", "ConstructorAssignment\ConstructorAssignment.csproj", "{3187E371-6C7C-468E-9D29-F51D5E8BC1DC}"
EndProject
Global
	GlobalSection(SolutionConfigurationPlatforms) = preSolution
		Debug|Any CPU = Debug|Any CPU
		Release|Any CPU = Release|Any CPU
	EndGlobalSection
	GlobalSection(ProjectConfigurationPlatforms) = postSolution
		{3187E371-6C7C-468E-9D29-F51D5E8BC1DC}.Debug|Any CPU.ActiveCfg = Debug|Any CPU
		{3187E371-6C7C-468E-9D29-F51D5E8BC1DC}.Debug|Any CPU.Build.0 = Debug|Any CPU
		{3187E371-6C7C-468E-9D29-F51D5E8BC1DC}.Release|Any CPU.ActiveCfg = Release|Any CPU
		{3187E371-6C7C-468E-9D29-F51D5E8BC1DC}.Release|Any CPU.Build.0 = Release|Any CPU
	EndGlobalSection
	GlobalSection(SolutionProperties) = preSolution
		HideSolutionNode = FALSE
	EndGlobalSection
	GlobalSection(ExtensibilityGlobals) = postSolution
		SolutionGuid = {E032883B-F9B9-40CD-B69C-7054E6F29BB9}
	EndGlobalSection
EndGlobal
