
Microsoft Visual Studio Solution File, Format Version 12.00
# Visual Studio Version 16
VisualStudioVersion = 16.0.33130.400
MinimumVisualStudioVersion = 10.0.40219.1
Project("{FAE04EC0-301F-11D3-BF4B-00C04F79EFBC}") = "ExceptionHandlingEx", "ExceptionHandlingEx\ExceptionHandlingEx.csproj", "{3575BB89-4A88-496C-B54D-A3472366D05B}"
EndProject
Global
	GlobalSection(SolutionConfigurationPlatforms) = preSolution
		Debug|Any CPU = Debug|Any CPU
		Release|Any CPU = Release|Any CPU
	EndGlobalSection
	GlobalSection(ProjectConfigurationPlatforms) = postSolution
		{3575BB89-4A88-496C-B54D-A3472366D05B}.Debug|Any CPU.ActiveCfg = Debug|Any CPU
		{3575BB89-4A88-496C-B54D-A3472366D05B}.Debug|Any CPU.Build.0 = Debug|Any CPU
		{3575BB89-4A88-496C-B54D-A3472366D05B}.Release|Any CPU.ActiveCfg = Release|Any CPU
		{3575BB89-4A88-496C-B54D-A3472366D05B}.Release|Any CPU.Build.0 = Release|Any CPU
	EndGlobalSection
	GlobalSection(SolutionProperties) = preSolution
		HideSolutionNode = FALSE
	EndGlobalSection
	GlobalSection(ExtensibilityGlobals) = postSolution
		SolutionGuid = {BD437C76-30F5-4B04-AD2C-6C03E8FD78ED}
	EndGlobalSection
EndGlobal
