
Microsoft Visual Studio Solution File, Format Version 12.00
# Visual Studio Version 16
VisualStudioVersion = 16.0.33214.272
MinimumVisualStudioVersion = 10.0.40219.1
Project("{FAE04EC0-301F-11D3-BF4B-00C04F79EFBC}") = "CarInsurance2", "CarInsurance2\CarInsurance2.csproj", "{CC9A2B70-06F8-4BF0-8112-E85BEA19F23B}"
EndProject
Global
	GlobalSection(SolutionConfigurationPlatforms) = preSolution
		Debug|Any CPU = Debug|Any CPU
		Release|Any CPU = Release|Any CPU
	EndGlobalSection
	GlobalSection(ProjectConfigurationPlatforms) = postSolution
		{CC9A2B70-06F8-4BF0-8112-E85BEA19F23B}.Debug|Any CPU.ActiveCfg = Debug|Any CPU
		{CC9A2B70-06F8-4BF0-8112-E85BEA19F23B}.Debug|Any CPU.Build.0 = Debug|Any CPU
		{CC9A2B70-06F8-4BF0-8112-E85BEA19F23B}.Release|Any CPU.ActiveCfg = Release|Any CPU
		{CC9A2B70-06F8-4BF0-8112-E85BEA19F23B}.Release|Any CPU.Build.0 = Release|Any CPU
	EndGlobalSection
	GlobalSection(SolutionProperties) = preSolution
		HideSolutionNode = FALSE
	EndGlobalSection
	GlobalSection(ExtensibilityGlobals) = postSolution
		SolutionGuid = {80DD0DCE-5981-41F4-8A3A-B6DD9C35E7D7}
	EndGlobalSection
EndGlobal
