
Microsoft Visual Studio Solution File, Format Version 12.00
# Visual Studio Version 17
VisualStudioVersion = 17.4.33403.182
MinimumVisualStudioVersion = 10.0.40219.1
Project("{FAE04EC0-301F-11D3-BF4B-00C04F79EFBC}") = "EFStudentdb1", "EFStudentdb1\EFStudentdb1.csproj", "{3F9B1C19-D348-4D15-8C9C-8E6CB9EA42AB}"
EndProject
Global
	GlobalSection(SolutionConfigurationPlatforms) = preSolution
		Debug|Any CPU = Debug|Any CPU
		Release|Any CPU = Release|Any CPU
	EndGlobalSection
	GlobalSection(ProjectConfigurationPlatforms) = postSolution
		{3F9B1C19-D348-4D15-8C9C-8E6CB9EA42AB}.Debug|Any CPU.ActiveCfg = Debug|Any CPU
		{3F9B1C19-D348-4D15-8C9C-8E6CB9EA42AB}.Debug|Any CPU.Build.0 = Debug|Any CPU
		{3F9B1C19-D348-4D15-8C9C-8E6CB9EA42AB}.Release|Any CPU.ActiveCfg = Release|Any CPU
		{3F9B1C19-D348-4D15-8C9C-8E6CB9EA42AB}.Release|Any CPU.Build.0 = Release|Any CPU
	EndGlobalSection
	GlobalSection(SolutionProperties) = preSolution
		HideSolutionNode = FALSE
	EndGlobalSection
	GlobalSection(ExtensibilityGlobals) = postSolution
		SolutionGuid = {D3524CF9-DA31-4A6D-99CD-DC5E3D91AA13}
	EndGlobalSection
EndGlobal
