
Microsoft Visual Studio Solution File, Format Version 12.00
# Visual Studio Version 16
VisualStudioVersion = 16.0.33130.400
MinimumVisualStudioVersion = 10.0.40219.1
Project("{FAE04EC0-301F-11D3-BF4B-00C04F79EFBC}") = "TwentyOne", "TwentyOne\TwentyOne.csproj", "{D392DD09-9A39-4EAE-8F80-62B58CF1B238}"
EndProject
Project("{FAE04EC0-301F-11D3-BF4B-00C04F79EFBC}") = "Casino", "Casino\Casino.csproj", "{1DE19921-EB92-4A64-8704-95219C069B78}"
EndProject
Global
	GlobalSection(SolutionConfigurationPlatforms) = preSolution
		Debug|Any CPU = Debug|Any CPU
		Release|Any CPU = Release|Any CPU
	EndGlobalSection
	GlobalSection(ProjectConfigurationPlatforms) = postSolution
		{D392DD09-9A39-4EAE-8F80-62B58CF1B238}.Debug|Any CPU.ActiveCfg = Debug|Any CPU
		{D392DD09-9A39-4EAE-8F80-62B58CF1B238}.Debug|Any CPU.Build.0 = Debug|Any CPU
		{D392DD09-9A39-4EAE-8F80-62B58CF1B238}.Release|Any CPU.ActiveCfg = Release|Any CPU
		{D392DD09-9A39-4EAE-8F80-62B58CF1B238}.Release|Any CPU.Build.0 = Release|Any CPU
		{1DE19921-EB92-4A64-8704-95219C069B78}.Debug|Any CPU.ActiveCfg = Debug|Any CPU
		{1DE19921-EB92-4A64-8704-95219C069B78}.Debug|Any CPU.Build.0 = Debug|Any CPU
		{1DE19921-EB92-4A64-8704-95219C069B78}.Release|Any CPU.ActiveCfg = Release|Any CPU
		{1DE19921-EB92-4A64-8704-95219C069B78}.Release|Any CPU.Build.0 = Release|Any CPU
	EndGlobalSection
	GlobalSection(SolutionProperties) = preSolution
		HideSolutionNode = FALSE
	EndGlobalSection
	GlobalSection(ExtensibilityGlobals) = postSolution
		SolutionGuid = {1B380F9C-C0FB-4A4B-9A9B-4B84CF5F64A5}
	EndGlobalSection
EndGlobal
