
Microsoft Visual Studio Solution File, Format Version 12.00
# Visual Studio Version 16
VisualStudioVersion = 16.0.33130.400
MinimumVisualStudioVersion = 10.0.40219.1
Project("{FAE04EC0-301F-11D3-BF4B-00C04F79EFBC}") = "MainMethodAssignment", "MainMethodAssignment\MainMethodAssignment.csproj", "{94C633D8-8523-4620-B7F6-F90F7F99DBB0}"
EndProject
Global
	GlobalSection(SolutionConfigurationPlatforms) = preSolution
		Debug|Any CPU = Debug|Any CPU
		Release|Any CPU = Release|Any CPU
	EndGlobalSection
	GlobalSection(ProjectConfigurationPlatforms) = postSolution
		{94C633D8-8523-4620-B7F6-F90F7F99DBB0}.Debug|Any CPU.ActiveCfg = Debug|Any CPU
		{94C633D8-8523-4620-B7F6-F90F7F99DBB0}.Debug|Any CPU.Build.0 = Debug|Any CPU
		{94C633D8-8523-4620-B7F6-F90F7F99DBB0}.Release|Any CPU.ActiveCfg = Release|Any CPU
		{94C633D8-8523-4620-B7F6-F90F7F99DBB0}.Release|Any CPU.Build.0 = Release|Any CPU
	EndGlobalSection
	GlobalSection(SolutionProperties) = preSolution
		HideSolutionNode = FALSE
	EndGlobalSection
	GlobalSection(ExtensibilityGlobals) = postSolution
		SolutionGuid = {028CA9C6-CF64-4B30-BCDF-A7214D3D701D}
	EndGlobalSection
EndGlobal
