
Microsoft Visual Studio Solution File, Format Version 12.00
# Visual Studio Version 16
VisualStudioVersion = 16.0.33130.400
MinimumVisualStudioVersion = 10.0.40219.1
Project("{FAE04EC0-301F-11D3-BF4B-00C04F79EFBC}") = "MethodAssignment", "MethodAssignment\MethodAssignment.csproj", "{CE7E76C6-F83D-4457-882F-2F953169D92C}"
EndProject
Global
	GlobalSection(SolutionConfigurationPlatforms) = preSolution
		Debug|Any CPU = Debug|Any CPU
		Release|Any CPU = Release|Any CPU
	EndGlobalSection
	GlobalSection(ProjectConfigurationPlatforms) = postSolution
		{CE7E76C6-F83D-4457-882F-2F953169D92C}.Debug|Any CPU.ActiveCfg = Debug|Any CPU
		{CE7E76C6-F83D-4457-882F-2F953169D92C}.Debug|Any CPU.Build.0 = Debug|Any CPU
		{CE7E76C6-F83D-4457-882F-2F953169D92C}.Release|Any CPU.ActiveCfg = Release|Any CPU
		{CE7E76C6-F83D-4457-882F-2F953169D92C}.Release|Any CPU.Build.0 = Release|Any CPU
	EndGlobalSection
	GlobalSection(SolutionProperties) = preSolution
		HideSolutionNode = FALSE
	EndGlobalSection
	GlobalSection(ExtensibilityGlobals) = postSolution
		SolutionGuid = {5E8A1880-B3ED-48E3-A17C-1974B272B975}
	EndGlobalSection
EndGlobal
