
Microsoft Visual Studio Solution File, Format Version 12.00
# Visual Studio Version 16
VisualStudioVersion = 16.0.33130.400
MinimumVisualStudioVersion = 10.0.40219.1
Project("{FAE04EC0-301F-11D3-BF4B-00C04F79EFBC}") = "PackageExpress", "PackageExpress\PackageExpress.csproj", "{A869C41E-B606-4EA2-A47B-FE20D459447A}"
EndProject
Global
	GlobalSection(SolutionConfigurationPlatforms) = preSolution
		Debug|Any CPU = Debug|Any CPU
		Release|Any CPU = Release|Any CPU
	EndGlobalSection
	GlobalSection(ProjectConfigurationPlatforms) = postSolution
		{A869C41E-B606-4EA2-A47B-FE20D459447A}.Debug|Any CPU.ActiveCfg = Debug|Any CPU
		{A869C41E-B606-4EA2-A47B-FE20D459447A}.Debug|Any CPU.Build.0 = Debug|Any CPU
		{A869C41E-B606-4EA2-A47B-FE20D459447A}.Release|Any CPU.ActiveCfg = Release|Any CPU
		{A869C41E-B606-4EA2-A47B-FE20D459447A}.Release|Any CPU.Build.0 = Release|Any CPU
	EndGlobalSection
	GlobalSection(SolutionProperties) = preSolution
		HideSolutionNode = FALSE
	EndGlobalSection
	GlobalSection(ExtensibilityGlobals) = postSolution
		SolutionGuid = {28A8ABD1-B0D5-47D8-AFFD-679F90C3EEEC}
	EndGlobalSection
EndGlobal
