
Microsoft Visual Studio Solution File, Format Version 12.00
# Visual Studio Version 16
VisualStudioVersion = 16.0.33214.272
MinimumVisualStudioVersion = 10.0.40219.1
Project("{FAE04EC0-301F-11D3-BF4B-00C04F79EFBC}") = "TechAcadStudentsMVC", "TechAcadStudentsMVC\TechAcadStudentsMVC.csproj", "{F9BDCA8F-C186-4CA9-84CA-6DF0C7F37280}"
EndProject
Global
	GlobalSection(SolutionConfigurationPlatforms) = preSolution
		Debug|Any CPU = Debug|Any CPU
		Release|Any CPU = Release|Any CPU
	EndGlobalSection
	GlobalSection(ProjectConfigurationPlatforms) = postSolution
		{F9BDCA8F-C186-4CA9-84CA-6DF0C7F37280}.Debug|Any CPU.ActiveCfg = Debug|Any CPU
		{F9BDCA8F-C186-4CA9-84CA-6DF0C7F37280}.Debug|Any CPU.Build.0 = Debug|Any CPU
		{F9BDCA8F-C186-4CA9-84CA-6DF0C7F37280}.Release|Any CPU.ActiveCfg = Release|Any CPU
		{F9BDCA8F-C186-4CA9-84CA-6DF0C7F37280}.Release|Any CPU.Build.0 = Release|Any CPU
	EndGlobalSection
	GlobalSection(SolutionProperties) = preSolution
		HideSolutionNode = FALSE
	EndGlobalSection
	GlobalSection(ExtensibilityGlobals) = postSolution
		SolutionGuid = {9F6AB662-39C3-446D-9F10-48CBEEF6B6AB}
	EndGlobalSection
EndGlobal
